// !$*UTF8*$!
{
	archiveVersion = 1;
	classes = {
	};
	objectVersion = 46;
	objects = {

/* Begin PBXBuildFile section */
		011CB26516AB5E5A00348A46 /* SCLoginViewController.xib in Resources */ = {isa = PBXBuildFile; fileRef = 011CB26416AB5E5A00348A46 /* SCLoginViewController.xib */; };
		011CB27816AB862500348A46 /* cancel.png in Resources */ = {isa = PBXBuildFile; fileRef = 011CB26A16AB862500348A46 /* cancel.png */; };
		011CB27916AB862500348A46 /* cancelpressed.png in Resources */ = {isa = PBXBuildFile; fileRef = 011CB26B16AB862500348A46 /* cancelpressed.png */; };
		011CB27A16AB862500348A46 /* coffeenewpressed.png in Resources */ = {isa = PBXBuildFile; fileRef = 011CB26C16AB862500348A46 /* coffeenewpressed.png */; };
		011CB27B16AB862500348A46 /* coffeenewpressedcheck.png in Resources */ = {isa = PBXBuildFile; fileRef = 011CB26D16AB862500348A46 /* coffeenewpressedcheck.png */; };
		011CB27C16AB862500348A46 /* create.png in Resources */ = {isa = PBXBuildFile; fileRef = 011CB26E16AB862500348A46 /* create.png */; };
		011CB27D16AB862500348A46 /* createnew4s.png in Resources */ = {isa = PBXBuildFile; fileRef = 011CB26F16AB862500348A46 /* createnew4s.png */; };
		011CB27E16AB862500348A46 /* createnew5.png in Resources */ = {isa = PBXBuildFile; fileRef = 011CB27016AB862500348A46 /* createnew5.png */; };
		011CB27F16AB862500348A46 /* createpressed.png in Resources */ = {isa = PBXBuildFile; fileRef = 011CB27116AB862500348A46 /* createpressed.png */; };
		011CB28016AB862500348A46 /* foodnewpressed.png in Resources */ = {isa = PBXBuildFile; fileRef = 011CB27216AB862500348A46 /* foodnewpressed.png */; };
		011CB28116AB862500348A46 /* foodnewpressedcheck.png in Resources */ = {isa = PBXBuildFile; fileRef = 011CB27316AB862500348A46 /* foodnewpressedcheck.png */; };
		011CB28216AB862500348A46 /* gymnewpressed.png in Resources */ = {isa = PBXBuildFile; fileRef = 011CB27416AB862500348A46 /* gymnewpressed.png */; };
		011CB28316AB862500348A46 /* gymnewpressedcheck.png in Resources */ = {isa = PBXBuildFile; fileRef = 011CB27516AB862500348A46 /* gymnewpressedcheck.png */; };
		011CB28416AB862500348A46 /* studynewpressed.png in Resources */ = {isa = PBXBuildFile; fileRef = 011CB27616AB862500348A46 /* studynewpressed.png */; };
		011CB28516AB862500348A46 /* studynewpressedcheck.png in Resources */ = {isa = PBXBuildFile; fileRef = 011CB27716AB862500348A46 /* studynewpressedcheck.png */; };
		014B0A7A16AB9E2A00B55713 /* Default.png in Resources */ = {isa = PBXBuildFile; fileRef = 0169051816AB367900D7EDE5 /* Default.png */; };
		014B0A7B16AB9E3200B55713 /* Default@2x.png in Resources */ = {isa = PBXBuildFile; fileRef = 0169051B16AB368000D7EDE5 /* Default@2x.png */; };
		014B0A7C16AB9E3900B55713 /* Default-568h@2x.png in Resources */ = {isa = PBXBuildFile; fileRef = 0169051D16AB369600D7EDE5 /* Default-568h@2x.png */; };
		014B0A8516ABA1D700B55713 /* carrotDOWN.png in Resources */ = {isa = PBXBuildFile; fileRef = 014B0A7D16ABA1D700B55713 /* carrotDOWN.png */; };
		014B0A8616ABA1D700B55713 /* carrotUP.png in Resources */ = {isa = PBXBuildFile; fileRef = 014B0A7E16ABA1D700B55713 /* carrotUP.png */; };
		014B0A8716ABA1D700B55713 /* fblogin.png in Resources */ = {isa = PBXBuildFile; fileRef = 014B0A7F16ABA1D700B55713 /* fblogin.png */; };
		014B0A8816ABA1D700B55713 /* fbloginpressed.png in Resources */ = {isa = PBXBuildFile; fileRef = 014B0A8016ABA1D700B55713 /* fbloginpressed.png */; };
		014B0A8916ABA1D700B55713 /* login4s.png in Resources */ = {isa = PBXBuildFile; fileRef = 014B0A8116ABA1D700B55713 /* login4s.png */; };
		014B0A8A16ABA1D700B55713 /* login5.png in Resources */ = {isa = PBXBuildFile; fileRef = 014B0A8216ABA1D700B55713 /* login5.png */; };
		014B0A8B16ABA1D700B55713 /* LOGOUT.png in Resources */ = {isa = PBXBuildFile; fileRef = 014B0A8316ABA1D700B55713 /* LOGOUT.png */; };
		014B0A8C16ABA1D700B55713 /* LOGOUTpressed.png in Resources */ = {isa = PBXBuildFile; fileRef = 014B0A8416ABA1D700B55713 /* LOGOUTpressed.png */; };
		014B0A8D16ABB27300B55713 /* mergeicon57.png in Resources */ = {isa = PBXBuildFile; fileRef = 0169052616AB37B000D7EDE5 /* mergeicon57.png */; };
		014B0A8E16ABB27A00B55713 /* mergeicon114.png in Resources */ = {isa = PBXBuildFile; fileRef = 0169052016AB379C00D7EDE5 /* mergeicon114.png */; };
		014B0A9916ABC7EB00B55713 /* MergeAPI.m in Sources */ = {isa = PBXBuildFile; fileRef = 014B0A9816ABC7EB00B55713 /* MergeAPI.m */; };
		016191FB16A9E0AB001D4295 /* UIKit.framework in Frameworks */ = {isa = PBXBuildFile; fileRef = 016191FA16A9E0AB001D4295 /* UIKit.framework */; };
		016191FD16A9E0AB001D4295 /* Foundation.framework in Frameworks */ = {isa = PBXBuildFile; fileRef = 016191FC16A9E0AB001D4295 /* Foundation.framework */; };
		016191FF16A9E0AB001D4295 /* CoreGraphics.framework in Frameworks */ = {isa = PBXBuildFile; fileRef = 016191FE16A9E0AB001D4295 /* CoreGraphics.framework */; };
		0161920516A9E0AB001D4295 /* InfoPlist.strings in Resources */ = {isa = PBXBuildFile; fileRef = 0161920316A9E0AB001D4295 /* InfoPlist.strings */; };
		0161920716A9E0AB001D4295 /* main.m in Sources */ = {isa = PBXBuildFile; fileRef = 0161920616A9E0AB001D4295 /* main.m */; };
		0161920B16A9E0AB001D4295 /* AppDelegate.m in Sources */ = {isa = PBXBuildFile; fileRef = 0161920A16A9E0AB001D4295 /* AppDelegate.m */; };
		0169052216AB379C00D7EDE5 /* mergeicon57.png in Resources */ = {isa = PBXBuildFile; fileRef = 0169051F16AB379C00D7EDE5 /* mergeicon57.png */; };
		0169052416AB379C00D7EDE5 /* splash4Slow.png in Resources */ = {isa = PBXBuildFile; fileRef = 0169052116AB379C00D7EDE5 /* splash4Slow.png */; };
		0169052916AB37B600D7EDE5 /* mergeicon114.png in Resources */ = {isa = PBXBuildFile; fileRef = 0169052816AB37B600D7EDE5 /* mergeicon114.png */; };
		0169052D16AB3BA200D7EDE5 /* NewMerge.m in Sources */ = {isa = PBXBuildFile; fileRef = 0169052B16AB3BA200D7EDE5 /* NewMerge.m */; };
		0169052E16AB3BA200D7EDE5 /* NewMerge.xib in Resources */ = {isa = PBXBuildFile; fileRef = 0169052C16AB3BA200D7EDE5 /* NewMerge.xib */; };
		0169053216AB407B00D7EDE5 /* SCLoginViewController.m in Sources */ = {isa = PBXBuildFile; fileRef = 0169053016AB407A00D7EDE5 /* SCLoginViewController.m */; };
		0169054516AB53EB00D7EDE5 /* FacebookSDK.framework in Frameworks */ = {isa = PBXBuildFile; fileRef = 0169054216AB53EB00D7EDE5 /* FacebookSDK.framework */; };
		0169054616AB53EB00D7EDE5 /* FacebookSDKResources.bundle in Resources */ = {isa = PBXBuildFile; fileRef = 0169054316AB53EB00D7EDE5 /* FacebookSDKResources.bundle */; };
		0169054716AB53EB00D7EDE5 /* FBUserSettingsViewResources.bundle in Resources */ = {isa = PBXBuildFile; fileRef = 0169054416AB53EB00D7EDE5 /* FBUserSettingsViewResources.bundle */; };
		0169056916AB5A0A00D7EDE5 /* QuartzCore.framework in Frameworks */ = {isa = PBXBuildFile; fileRef = 0169056816AB5A0A00D7EDE5 /* QuartzCore.framework */; };
		0169056B16AB5A0E00D7EDE5 /* SystemConfiguration.framework in Frameworks */ = {isa = PBXBuildFile; fileRef = 0169056A16AB5A0E00D7EDE5 /* SystemConfiguration.framework */; };
		0169056D16AB5A1300D7EDE5 /* Security.framework in Frameworks */ = {isa = PBXBuildFile; fileRef = 0169056C16AB5A1300D7EDE5 /* Security.framework */; };
		0169056F16AB5A2100D7EDE5 /* CFNetwork.framework in Frameworks */ = {isa = PBXBuildFile; fileRef = 0169056E16AB5A2000D7EDE5 /* CFNetwork.framework */; };
		0169057116AB5A3200D7EDE5 /* Accounts.framework in Frameworks */ = {isa = PBXBuildFile; fileRef = 0169057016AB5A3200D7EDE5 /* Accounts.framework */; settings = {ATTRIBUTES = (Weak, ); }; };
		0169057316AB5A3600D7EDE5 /* AdSupport.framework in Frameworks */ = {isa = PBXBuildFile; fileRef = 0169057216AB5A3600D7EDE5 /* AdSupport.framework */; settings = {ATTRIBUTES = (Weak, ); }; };
		0169057516AB5A3A00D7EDE5 /* Social.framework in Frameworks */ = {isa = PBXBuildFile; fileRef = 0169057416AB5A3A00D7EDE5 /* Social.framework */; settings = {ATTRIBUTES = (Weak, ); }; };
		01B90A1A16AA7E7D00B428A8 /* ActivityList.m in Sources */ = {isa = PBXBuildFile; fileRef = 01B90A1816AA7E7D00B428A8 /* ActivityList.m */; };
		01B90A1B16AA7E7D00B428A8 /* ActivityList.xib in Resources */ = {isa = PBXBuildFile; fileRef = 01B90A1916AA7E7D00B428A8 /* ActivityList.xib */; };
		01B90A1D16AA840900B428A8 /* gradbackground.png in Resources */ = {isa = PBXBuildFile; fileRef = 01B90A1C16AA840900B428A8 /* gradbackground.png */; };
		01B90A2116AA874200B428A8 /* SCViewController.m in Sources */ = {isa = PBXBuildFile; fileRef = 01B90A1F16AA874200B428A8 /* SCViewController.m */; };
		01B90A2216AA874200B428A8 /* SCViewController.xib in Resources */ = {isa = PBXBuildFile; fileRef = 01B90A2016AA874200B428A8 /* SCViewController.xib */; };
		01B90A4116AB16CD00B428A8 /* coffeepressed.png in Resources */ = {isa = PBXBuildFile; fileRef = 01B90A3716AB16CD00B428A8 /* coffeepressed.png */; };
		01B90A4216AB16CD00B428A8 /* coffeepressedreal.png in Resources */ = {isa = PBXBuildFile; fileRef = 01B90A3816AB16CD00B428A8 /* coffeepressedreal.png */; };
		01B90A4316AB16CD00B428A8 /* foodpressed.png in Resources */ = {isa = PBXBuildFile; fileRef = 01B90A3916AB16CD00B428A8 /* foodpressed.png */; };
		01B90A4416AB16CD00B428A8 /* foodpressedreal.png in Resources */ = {isa = PBXBuildFile; fileRef = 01B90A3A16AB16CD00B428A8 /* foodpressedreal.png */; };
		01B90A4516AB16CD00B428A8 /* gympressed.png in Resources */ = {isa = PBXBuildFile; fileRef = 01B90A3B16AB16CD00B428A8 /* gympressed.png */; };
		01B90A4616AB16CD00B428A8 /* gympressedreal.png in Resources */ = {isa = PBXBuildFile; fileRef = 01B90A3C16AB16CD00B428A8 /* gympressedreal.png */; };
		01B90A4916AB16CD00B428A8 /* studypressed.png in Resources */ = {isa = PBXBuildFile; fileRef = 01B90A3F16AB16CD00B428A8 /* studypressed.png */; };
		01B90A4A16AB16CD00B428A8 /* studypressedreal.png in Resources */ = {isa = PBXBuildFile; fileRef = 01B90A4016AB16CD00B428A8 /* studypressedreal.png */; };
		01B90A8816AB21A700B428A8 /* topbar1.png in Resources */ = {isa = PBXBuildFile; fileRef = 01B90A8516AB21A700B428A8 /* topbar1.png */; };
		01B90AC816AB32B500B428A8 /* mergeicon.png in Resources */ = {isa = PBXBuildFile; fileRef = 01B90AC516AB32B500B428A8 /* mergeicon.png */; };
		01B90AC916AB32B500B428A8 /* splash4s.png in Resources */ = {isa = PBXBuildFile; fileRef = 01B90AC616AB32B500B428A8 /* splash4s.png */; };
		01B90ACA16AB32B500B428A8 /* splash5.png in Resources */ = {isa = PBXBuildFile; fileRef = 01B90AC716AB32B500B428A8 /* splash5.png */; };
		01B90ACC16AB32CF00B428A8 /* mergeplusbutton.png in Resources */ = {isa = PBXBuildFile; fileRef = 01B90ACB16AB32CF00B428A8 /* mergeplusbutton.png */; };
		01EAB56216ABCB3600F42AC5 /* DataStorage.m in Sources */ = {isa = PBXBuildFile; fileRef = 01EAB56116ABCB3600F42AC5 /* DataStorage.m */; };
		01EAB56616ABCC5300F42AC5 /* Event.m in Sources */ = {isa = PBXBuildFile; fileRef = 01EAB56516ABCC5300F42AC5 /* Event.m */; };
		01EAB56916ABCCF000F42AC5 /* LocalUser.m in Sources */ = {isa = PBXBuildFile; fileRef = 01EAB56816ABCCF000F42AC5 /* LocalUser.m */; };
		01EAB57916ABD24C00F42AC5 /* call.png in Resources */ = {isa = PBXBuildFile; fileRef = 01EAB57616ABD24C00F42AC5 /* call.png */; };
		01EAB57A16ABD24C00F42AC5 /* message.png in Resources */ = {isa = PBXBuildFile; fileRef = 01EAB57716ABD24C00F42AC5 /* message.png */; };
		01EAB57B16ABD24C00F42AC5 /* popup.png in Resources */ = {isa = PBXBuildFile; fileRef = 01EAB57816ABD24C00F42AC5 /* popup.png */; };
/* End PBXBuildFile section */

/* Begin PBXFileReference section */
		011CB26416AB5E5A00348A46 /* SCLoginViewController.xib */ = {isa = PBXFileReference; fileEncoding = 4; lastKnownFileType = file.xib; path = SCLoginViewController.xib; sourceTree = "<group>"; };
		011CB26A16AB862500348A46 /* cancel.png */ = {isa = PBXFileReference; lastKnownFileType = image.png; path = cancel.png; sourceTree = "<group>"; };
		011CB26B16AB862500348A46 /* cancelpressed.png */ = {isa = PBXFileReference; lastKnownFileType = image.png; path = cancelpressed.png; sourceTree = "<group>"; };
		011CB26C16AB862500348A46 /* coffeenewpressed.png */ = {isa = PBXFileReference; lastKnownFileType = image.png; path = coffeenewpressed.png; sourceTree = "<group>"; };
		011CB26D16AB862500348A46 /* coffeenewpressedcheck.png */ = {isa = PBXFileReference; lastKnownFileType = image.png; path = coffeenewpressedcheck.png; sourceTree = "<group>"; };
		011CB26E16AB862500348A46 /* create.png */ = {isa = PBXFileReference; lastKnownFileType = image.png; path = create.png; sourceTree = "<group>"; };
		011CB26F16AB862500348A46 /* createnew4s.png */ = {isa = PBXFileReference; lastKnownFileType = image.png; path = createnew4s.png; sourceTree = "<group>"; };
		011CB27016AB862500348A46 /* createnew5.png */ = {isa = PBXFileReference; lastKnownFileType = image.png; path = createnew5.png; sourceTree = "<group>"; };
		011CB27116AB862500348A46 /* createpressed.png */ = {isa = PBXFileReference; lastKnownFileType = image.png; path = createpressed.png; sourceTree = "<group>"; };
		011CB27216AB862500348A46 /* foodnewpressed.png */ = {isa = PBXFileReference; lastKnownFileType = image.png; path = foodnewpressed.png; sourceTree = "<group>"; };
		011CB27316AB862500348A46 /* foodnewpressedcheck.png */ = {isa = PBXFileReference; lastKnownFileType = image.png; path = foodnewpressedcheck.png; sourceTree = "<group>"; };
		011CB27416AB862500348A46 /* gymnewpressed.png */ = {isa = PBXFileReference; lastKnownFileType = image.png; path = gymnewpressed.png; sourceTree = "<group>"; };
		011CB27516AB862500348A46 /* gymnewpressedcheck.png */ = {isa = PBXFileReference; lastKnownFileType = image.png; path = gymnewpressedcheck.png; sourceTree = "<group>"; };
		011CB27616AB862500348A46 /* studynewpressed.png */ = {isa = PBXFileReference; lastKnownFileType = image.png; path = studynewpressed.png; sourceTree = "<group>"; };
		011CB27716AB862500348A46 /* studynewpressedcheck.png */ = {isa = PBXFileReference; lastKnownFileType = image.png; path = studynewpressedcheck.png; sourceTree = "<group>"; };
		014B0A7D16ABA1D700B55713 /* carrotDOWN.png */ = {isa = PBXFileReference; lastKnownFileType = image.png; path = carrotDOWN.png; sourceTree = "<group>"; };
		014B0A7E16ABA1D700B55713 /* carrotUP.png */ = {isa = PBXFileReference; lastKnownFileType = image.png; path = carrotUP.png; sourceTree = "<group>"; };
		014B0A7F16ABA1D700B55713 /* fblogin.png */ = {isa = PBXFileReference; lastKnownFileType = image.png; path = fblogin.png; sourceTree = "<group>"; };
		014B0A8016ABA1D700B55713 /* fbloginpressed.png */ = {isa = PBXFileReference; lastKnownFileType = image.png; path = fbloginpressed.png; sourceTree = "<group>"; };
		014B0A8116ABA1D700B55713 /* login4s.png */ = {isa = PBXFileReference; lastKnownFileType = image.png; path = login4s.png; sourceTree = "<group>"; };
		014B0A8216ABA1D700B55713 /* login5.png */ = {isa = PBXFileReference; lastKnownFileType = image.png; path = login5.png; sourceTree = "<group>"; };
		014B0A8316ABA1D700B55713 /* LOGOUT.png */ = {isa = PBXFileReference; lastKnownFileType = image.png; path = LOGOUT.png; sourceTree = "<group>"; };
		014B0A8416ABA1D700B55713 /* LOGOUTpressed.png */ = {isa = PBXFileReference; lastKnownFileType = image.png; path = LOGOUTpressed.png; sourceTree = "<group>"; };
		014B0A9716ABC7EB00B55713 /* MergeAPI.h */ = {isa = PBXFileReference; fileEncoding = 4; lastKnownFileType = sourcecode.c.h; path = MergeAPI.h; sourceTree = "<group>"; };
		014B0A9816ABC7EB00B55713 /* MergeAPI.m */ = {isa = PBXFileReference; fileEncoding = 4; lastKnownFileType = sourcecode.c.objc; path = MergeAPI.m; sourceTree = "<group>"; };
		016191F616A9E0AB001D4295 /* Merge.app */ = {isa = PBXFileReference; explicitFileType = wrapper.application; includeInIndex = 0; path = Merge.app; sourceTree = BUILT_PRODUCTS_DIR; };
		016191FA16A9E0AB001D4295 /* UIKit.framework */ = {isa = PBXFileReference; lastKnownFileType = wrapper.framework; name = UIKit.framework; path = System/Library/Frameworks/UIKit.framework; sourceTree = SDKROOT; };
		016191FC16A9E0AB001D4295 /* Foundation.framework */ = {isa = PBXFileReference; lastKnownFileType = wrapper.framework; name = Foundation.framework; path = System/Library/Frameworks/Foundation.framework; sourceTree = SDKROOT; };
		016191FE16A9E0AB001D4295 /* CoreGraphics.framework */ = {isa = PBXFileReference; lastKnownFileType = wrapper.framework; name = CoreGraphics.framework; path = System/Library/Frameworks/CoreGraphics.framework; sourceTree = SDKROOT; };
		0161920216A9E0AB001D4295 /* Merge-Info.plist */ = {isa = PBXFileReference; lastKnownFileType = text.plist.xml; path = "Merge-Info.plist"; sourceTree = "<group>"; };
		0161920416A9E0AB001D4295 /* en */ = {isa = PBXFileReference; lastKnownFileType = text.plist.strings; name = en; path = en.lproj/InfoPlist.strings; sourceTree = "<group>"; };
		0161920616A9E0AB001D4295 /* main.m */ = {isa = PBXFileReference; lastKnownFileType = sourcecode.c.objc; path = main.m; sourceTree = "<group>"; };
		0161920816A9E0AB001D4295 /* Merge-Prefix.pch */ = {isa = PBXFileReference; lastKnownFileType = sourcecode.c.h; path = "Merge-Prefix.pch"; sourceTree = "<group>"; };
		0161920916A9E0AB001D4295 /* AppDelegate.h */ = {isa = PBXFileReference; lastKnownFileType = sourcecode.c.h; path = AppDelegate.h; sourceTree = "<group>"; };
		0161920A16A9E0AB001D4295 /* AppDelegate.m */ = {isa = PBXFileReference; lastKnownFileType = sourcecode.c.objc; path = AppDelegate.m; sourceTree = "<group>"; };
		0169051816AB367900D7EDE5 /* Default.png */ = {isa = PBXFileReference; lastKnownFileType = image.png; path = Default.png; sourceTree = "<group>"; };
		0169051B16AB368000D7EDE5 /* Default@2x.png */ = {isa = PBXFileReference; lastKnownFileType = image.png; path = "Default@2x.png"; sourceTree = "<group>"; };
		0169051D16AB369600D7EDE5 /* Default-568h@2x.png */ = {isa = PBXFileReference; lastKnownFileType = image.png; path = "Default-568h@2x.png"; sourceTree = "<group>"; };
		0169051F16AB379C00D7EDE5 /* mergeicon57.png */ = {isa = PBXFileReference; lastKnownFileType = image.png; path = mergeicon57.png; sourceTree = "<group>"; };
		0169052016AB379C00D7EDE5 /* mergeicon114.png */ = {isa = PBXFileReference; lastKnownFileType = image.png; path = mergeicon114.png; sourceTree = "<group>"; };
		0169052116AB379C00D7EDE5 /* splash4Slow.png */ = {isa = PBXFileReference; lastKnownFileType = image.png; path = splash4Slow.png; sourceTree = "<group>"; };
		0169052616AB37B000D7EDE5 /* mergeicon57.png */ = {isa = PBXFileReference; lastKnownFileType = image.png; path = mergeicon57.png; sourceTree = "<group>"; };
		0169052816AB37B600D7EDE5 /* mergeicon114.png */ = {isa = PBXFileReference; lastKnownFileType = image.png; path = mergeicon114.png; sourceTree = "<group>"; };
		0169052A16AB3BA200D7EDE5 /* NewMerge.h */ = {isa = PBXFileReference; fileEncoding = 4; lastKnownFileType = sourcecode.c.h; path = NewMerge.h; sourceTree = "<group>"; };
		0169052B16AB3BA200D7EDE5 /* NewMerge.m */ = {isa = PBXFileReference; fileEncoding = 4; lastKnownFileType = sourcecode.c.objc; path = NewMerge.m; sourceTree = "<group>"; };
		0169052C16AB3BA200D7EDE5 /* NewMerge.xib */ = {isa = PBXFileReference; fileEncoding = 4; lastKnownFileType = file.xib; path = NewMerge.xib; sourceTree = "<group>"; };
		0169052F16AB407A00D7EDE5 /* SCLoginViewController.h */ = {isa = PBXFileReference; fileEncoding = 4; lastKnownFileType = sourcecode.c.h; path = SCLoginViewController.h; sourceTree = "<group>"; };
		0169053016AB407A00D7EDE5 /* SCLoginViewController.m */ = {isa = PBXFileReference; fileEncoding = 4; lastKnownFileType = sourcecode.c.objc; path = SCLoginViewController.m; sourceTree = "<group>"; };
		0169054216AB53EB00D7EDE5 /* FacebookSDK.framework */ = {isa = PBXFileReference; lastKnownFileType = wrapper.framework; path = FacebookSDK.framework; sourceTree = "<group>"; };
		0169054316AB53EB00D7EDE5 /* FacebookSDKResources.bundle */ = {isa = PBXFileReference; lastKnownFileType = "wrapper.plug-in"; path = FacebookSDKResources.bundle; sourceTree = "<group>"; };
		0169054416AB53EB00D7EDE5 /* FBUserSettingsViewResources.bundle */ = {isa = PBXFileReference; lastKnownFileType = "wrapper.plug-in"; path = FBUserSettingsViewResources.bundle; sourceTree = "<group>"; };
		0169054916AB54E900D7EDE5 /* Facebook.h */ = {isa = PBXFileReference; fileEncoding = 4; lastKnownFileType = sourcecode.c.h; path = Facebook.h; sourceTree = "<group>"; };
		0169054A16AB54E900D7EDE5 /* FacebookSDK.h */ = {isa = PBXFileReference; fileEncoding = 4; lastKnownFileType = sourcecode.c.h; path = FacebookSDK.h; sourceTree = "<group>"; };
		0169054B16AB54E900D7EDE5 /* FBCacheDescriptor.h */ = {isa = PBXFileReference; fileEncoding = 4; lastKnownFileType = sourcecode.c.h; path = FBCacheDescriptor.h; sourceTree = "<group>"; };
		0169054C16AB54E900D7EDE5 /* FBConnect.h */ = {isa = PBXFileReference; fileEncoding = 4; lastKnownFileType = sourcecode.c.h; path = FBConnect.h; sourceTree = "<group>"; };
		0169054D16AB54E900D7EDE5 /* FBDialog.h */ = {isa = PBXFileReference; fileEncoding = 4; lastKnownFileType = sourcecode.c.h; path = FBDialog.h; sourceTree = "<group>"; };
		0169054E16AB54E900D7EDE5 /* FBError.h */ = {isa = PBXFileReference; fileEncoding = 4; lastKnownFileType = sourcecode.c.h; path = FBError.h; sourceTree = "<group>"; };
		0169054F16AB54E900D7EDE5 /* FBFrictionlessRequestSettings.h */ = {isa = PBXFileReference; fileEncoding = 4; lastKnownFileType = sourcecode.c.h; path = FBFrictionlessRequestSettings.h; sourceTree = "<group>"; };
		0169055016AB54E900D7EDE5 /* FBFriendPickerViewController.h */ = {isa = PBXFileReference; fileEncoding = 4; lastKnownFileType = sourcecode.c.h; path = FBFriendPickerViewController.h; sourceTree = "<group>"; };
		0169055116AB54E900D7EDE5 /* FBGraphLocation.h */ = {isa = PBXFileReference; fileEncoding = 4; lastKnownFileType = sourcecode.c.h; path = FBGraphLocation.h; sourceTree = "<group>"; };
		0169055216AB54E900D7EDE5 /* FBGraphObject.h */ = {isa = PBXFileReference; fileEncoding = 4; lastKnownFileType = sourcecode.c.h; path = FBGraphObject.h; sourceTree = "<group>"; };
		0169055316AB54E900D7EDE5 /* FBGraphPlace.h */ = {isa = PBXFileReference; fileEncoding = 4; lastKnownFileType = sourcecode.c.h; path = FBGraphPlace.h; sourceTree = "<group>"; };
		0169055416AB54E900D7EDE5 /* FBGraphUser.h */ = {isa = PBXFileReference; fileEncoding = 4; lastKnownFileType = sourcecode.c.h; path = FBGraphUser.h; sourceTree = "<group>"; };
		0169055516AB54E900D7EDE5 /* FBLoginDialog.h */ = {isa = PBXFileReference; fileEncoding = 4; lastKnownFileType = sourcecode.c.h; path = FBLoginDialog.h; sourceTree = "<group>"; };
		0169055616AB54E900D7EDE5 /* FBLoginView.h */ = {isa = PBXFileReference; fileEncoding = 4; lastKnownFileType = sourcecode.c.h; path = FBLoginView.h; sourceTree = "<group>"; };
		0169055716AB54E900D7EDE5 /* FBNativeDialogs.h */ = {isa = PBXFileReference; fileEncoding = 4; lastKnownFileType = sourcecode.c.h; path = FBNativeDialogs.h; sourceTree = "<group>"; };
		0169055816AB54E900D7EDE5 /* FBOpenGraphAction.h */ = {isa = PBXFileReference; fileEncoding = 4; lastKnownFileType = sourcecode.c.h; path = FBOpenGraphAction.h; sourceTree = "<group>"; };
		0169055916AB54E900D7EDE5 /* FBPlacePickerViewController.h */ = {isa = PBXFileReference; fileEncoding = 4; lastKnownFileType = sourcecode.c.h; path = FBPlacePickerViewController.h; sourceTree = "<group>"; };
		0169055A16AB54E900D7EDE5 /* FBProfilePictureView.h */ = {isa = PBXFileReference; fileEncoding = 4; lastKnownFileType = sourcecode.c.h; path = FBProfilePictureView.h; sourceTree = "<group>"; };
		0169055B16AB54E900D7EDE5 /* FBRequest.h */ = {isa = PBXFileReference; fileEncoding = 4; lastKnownFileType = sourcecode.c.h; path = FBRequest.h; sourceTree = "<group>"; };
		0169055C16AB54E900D7EDE5 /* FBRequestConnection.h */ = {isa = PBXFileReference; fileEncoding = 4; lastKnownFileType = sourcecode.c.h; path = FBRequestConnection.h; sourceTree = "<group>"; };
		0169055D16AB54E900D7EDE5 /* FBSBJSON.h */ = {isa = PBXFileReference; fileEncoding = 4; lastKnownFileType = sourcecode.c.h; path = FBSBJSON.h; sourceTree = "<group>"; };
		0169055E16AB54E900D7EDE5 /* FBSBJsonBase.h */ = {isa = PBXFileReference; fileEncoding = 4; lastKnownFileType = sourcecode.c.h; path = FBSBJsonBase.h; sourceTree = "<group>"; };
		0169055F16AB54E900D7EDE5 /* FBSBJsonParser.h */ = {isa = PBXFileReference; fileEncoding = 4; lastKnownFileType = sourcecode.c.h; path = FBSBJsonParser.h; sourceTree = "<group>"; };
		0169056016AB54E900D7EDE5 /* FBSBJsonWriter.h */ = {isa = PBXFileReference; fileEncoding = 4; lastKnownFileType = sourcecode.c.h; path = FBSBJsonWriter.h; sourceTree = "<group>"; };
		0169056116AB54E900D7EDE5 /* FBSession.h */ = {isa = PBXFileReference; fileEncoding = 4; lastKnownFileType = sourcecode.c.h; path = FBSession.h; sourceTree = "<group>"; };
		0169056216AB54E900D7EDE5 /* FBSessionManualTokenCachingStrategy.h */ = {isa = PBXFileReference; fileEncoding = 4; lastKnownFileType = sourcecode.c.h; path = FBSessionManualTokenCachingStrategy.h; sourceTree = "<group>"; };
		0169056316AB54E900D7EDE5 /* FBSessionTokenCachingStrategy.h */ = {isa = PBXFileReference; fileEncoding = 4; lastKnownFileType = sourcecode.c.h; path = FBSessionTokenCachingStrategy.h; sourceTree = "<group>"; };
		0169056416AB54E900D7EDE5 /* FBSettings.h */ = {isa = PBXFileReference; fileEncoding = 4; lastKnownFileType = sourcecode.c.h; path = FBSettings.h; sourceTree = "<group>"; };
		0169056516AB54E900D7EDE5 /* FBTestSession.h */ = {isa = PBXFileReference; fileEncoding = 4; lastKnownFileType = sourcecode.c.h; path = FBTestSession.h; sourceTree = "<group>"; };
		0169056616AB54E900D7EDE5 /* FBUserSettingsViewController.h */ = {isa = PBXFileReference; fileEncoding = 4; lastKnownFileType = sourcecode.c.h; path = FBUserSettingsViewController.h; sourceTree = "<group>"; };
		0169056716AB54E900D7EDE5 /* FBViewController.h */ = {isa = PBXFileReference; fileEncoding = 4; lastKnownFileType = sourcecode.c.h; path = FBViewController.h; sourceTree = "<group>"; };
		0169056816AB5A0A00D7EDE5 /* QuartzCore.framework */ = {isa = PBXFileReference; lastKnownFileType = wrapper.framework; name = QuartzCore.framework; path = System/Library/Frameworks/QuartzCore.framework; sourceTree = SDKROOT; };
		0169056A16AB5A0E00D7EDE5 /* SystemConfiguration.framework */ = {isa = PBXFileReference; lastKnownFileType = wrapper.framework; name = SystemConfiguration.framework; path = System/Library/Frameworks/SystemConfiguration.framework; sourceTree = SDKROOT; };
		0169056C16AB5A1300D7EDE5 /* Security.framework */ = {isa = PBXFileReference; lastKnownFileType = wrapper.framework; name = Security.framework; path = System/Library/Frameworks/Security.framework; sourceTree = SDKROOT; };
		0169056E16AB5A2000D7EDE5 /* CFNetwork.framework */ = {isa = PBXFileReference; lastKnownFileType = wrapper.framework; name = CFNetwork.framework; path = System/Library/Frameworks/CFNetwork.framework; sourceTree = SDKROOT; };
		0169057016AB5A3200D7EDE5 /* Accounts.framework */ = {isa = PBXFileReference; lastKnownFileType = wrapper.framework; name = Accounts.framework; path = System/Library/Frameworks/Accounts.framework; sourceTree = SDKROOT; };
		0169057216AB5A3600D7EDE5 /* AdSupport.framework */ = {isa = PBXFileReference; lastKnownFileType = wrapper.framework; name = AdSupport.framework; path = System/Library/Frameworks/AdSupport.framework; sourceTree = SDKROOT; };
		0169057416AB5A3A00D7EDE5 /* Social.framework */ = {isa = PBXFileReference; lastKnownFileType = wrapper.framework; name = Social.framework; path = System/Library/Frameworks/Social.framework; sourceTree = SDKROOT; };
		01B90A1716AA7E7D00B428A8 /* ActivityList.h */ = {isa = PBXFileReference; fileEncoding = 4; lastKnownFileType = sourcecode.c.h; path = ActivityList.h; sourceTree = "<group>"; };
		01B90A1816AA7E7D00B428A8 /* ActivityList.m */ = {isa = PBXFileReference; fileEncoding = 4; lastKnownFileType = sourcecode.c.objc; path = ActivityList.m; sourceTree = "<group>"; };
		01B90A1916AA7E7D00B428A8 /* ActivityList.xib */ = {isa = PBXFileReference; fileEncoding = 4; lastKnownFileType = file.xib; path = ActivityList.xib; sourceTree = "<group>"; };
		01B90A1C16AA840900B428A8 /* gradbackground.png */ = {isa = PBXFileReference; lastKnownFileType = image.png; path = gradbackground.png; sourceTree = "<group>"; };
		01B90A1E16AA874200B428A8 /* SCViewController.h */ = {isa = PBXFileReference; fileEncoding = 4; lastKnownFileType = sourcecode.c.h; path = SCViewController.h; sourceTree = "<group>"; };
		01B90A1F16AA874200B428A8 /* SCViewController.m */ = {isa = PBXFileReference; fileEncoding = 4; lastKnownFileType = sourcecode.c.objc; path = SCViewController.m; sourceTree = "<group>"; };
		01B90A2016AA874200B428A8 /* SCViewController.xib */ = {isa = PBXFileReference; fileEncoding = 4; lastKnownFileType = file.xib; path = SCViewController.xib; sourceTree = "<group>"; };
		01B90A3716AB16CD00B428A8 /* coffeepressed.png */ = {isa = PBXFileReference; lastKnownFileType = image.png; path = coffeepressed.png; sourceTree = "<group>"; };
		01B90A3816AB16CD00B428A8 /* coffeepressedreal.png */ = {isa = PBXFileReference; lastKnownFileType = image.png; path = coffeepressedreal.png; sourceTree = "<group>"; };
		01B90A3916AB16CD00B428A8 /* foodpressed.png */ = {isa = PBXFileReference; lastKnownFileType = image.png; path = foodpressed.png; sourceTree = "<group>"; };
		01B90A3A16AB16CD00B428A8 /* foodpressedreal.png */ = {isa = PBXFileReference; lastKnownFileType = image.png; path = foodpressedreal.png; sourceTree = "<group>"; };
		01B90A3B16AB16CD00B428A8 /* gympressed.png */ = {isa = PBXFileReference; lastKnownFileType = image.png; path = gympressed.png; sourceTree = "<group>"; };
		01B90A3C16AB16CD00B428A8 /* gympressedreal.png */ = {isa = PBXFileReference; lastKnownFileType = image.png; path = gympressedreal.png; sourceTree = "<group>"; };
		01B90A3F16AB16CD00B428A8 /* studypressed.png */ = {isa = PBXFileReference; lastKnownFileType = image.png; path = studypressed.png; sourceTree = "<group>"; };
		01B90A4016AB16CD00B428A8 /* studypressedreal.png */ = {isa = PBXFileReference; lastKnownFileType = image.png; path = studypressedreal.png; sourceTree = "<group>"; };
		01B90A8516AB21A700B428A8 /* topbar1.png */ = {isa = PBXFileReference; lastKnownFileType = image.png; path = topbar1.png; sourceTree = "<group>"; };
		01B90AC516AB32B500B428A8 /* mergeicon.png */ = {isa = PBXFileReference; lastKnownFileType = image.png; path = mergeicon.png; sourceTree = "<group>"; };
		01B90AC616AB32B500B428A8 /* splash4s.png */ = {isa = PBXFileReference; lastKnownFileType = image.png; path = splash4s.png; sourceTree = "<group>"; };
		01B90AC716AB32B500B428A8 /* splash5.png */ = {isa = PBXFileReference; lastKnownFileType = image.png; path = splash5.png; sourceTree = "<group>"; };
		01B90ACB16AB32CF00B428A8 /* mergeplusbutton.png */ = {isa = PBXFileReference; lastKnownFileType = image.png; path = mergeplusbutton.png; sourceTree = "<group>"; };
		01EAB56016ABCB3600F42AC5 /* DataStorage.h */ = {isa = PBXFileReference; fileEncoding = 4; lastKnownFileType = sourcecode.c.h; path = DataStorage.h; sourceTree = "<group>"; };
		01EAB56116ABCB3600F42AC5 /* DataStorage.m */ = {isa = PBXFileReference; fileEncoding = 4; lastKnownFileType = sourcecode.c.objc; path = DataStorage.m; sourceTree = "<group>"; };
		01EAB56416ABCC5300F42AC5 /* Event.h */ = {isa = PBXFileReference; fileEncoding = 4; lastKnownFileType = sourcecode.c.h; path = Event.h; sourceTree = "<group>"; };
		01EAB56516ABCC5300F42AC5 /* Event.m */ = {isa = PBXFileReference; fileEncoding = 4; lastKnownFileType = sourcecode.c.objc; path = Event.m; sourceTree = "<group>"; };
		01EAB56716ABCCF000F42AC5 /* LocalUser.h */ = {isa = PBXFileReference; fileEncoding = 4; lastKnownFileType = sourcecode.c.h; name = LocalUser.h; path = ../LocalUser.h; sourceTree = "<group>"; };
		01EAB56816ABCCF000F42AC5 /* LocalUser.m */ = {isa = PBXFileReference; fileEncoding = 4; lastKnownFileType = sourcecode.c.objc; name = LocalUser.m; path = ../LocalUser.m; sourceTree = "<group>"; };
		01EAB57216ABD1E600F42AC5 /* MJPopupBackgroundView.h */ = {isa = PBXFileReference; lastKnownFileType = sourcecode.c.h; path = MJPopupBackgroundView.h; sourceTree = "<group>"; };
		01EAB57316ABD1E600F42AC5 /* MJPopupBackgroundView.m */ = {isa = PBXFileReference; lastKnownFileType = sourcecode.c.objc; path = MJPopupBackgroundView.m; sourceTree = "<group>"; };
		01EAB57416ABD1E600F42AC5 /* UIViewController+MJPopupViewController.h */ = {isa = PBXFileReference; lastKnownFileType = sourcecode.c.h; path = "UIViewController+MJPopupViewController.h"; sourceTree = "<group>"; };
		01EAB57516ABD1E600F42AC5 /* UIViewController+MJPopupViewController.m */ = {isa = PBXFileReference; lastKnownFileType = sourcecode.c.objc; path = "UIViewController+MJPopupViewController.m"; sourceTree = "<group>"; };
		01EAB57616ABD24C00F42AC5 /* call.png */ = {isa = PBXFileReference; lastKnownFileType = image.png; path = call.png; sourceTree = "<group>"; };
		01EAB57716ABD24C00F42AC5 /* message.png */ = {isa = PBXFileReference; lastKnownFileType = image.png; path = message.png; sourceTree = "<group>"; };
		01EAB57816ABD24C00F42AC5 /* popup.png */ = {isa = PBXFileReference; lastKnownFileType = image.png; path = popup.png; sourceTree = "<group>"; };
/* End PBXFileReference section */

/* Begin PBXFrameworksBuildPhase section */
		016191F316A9E0AB001D4295 /* Frameworks */ = {
			isa = PBXFrameworksBuildPhase;
			buildActionMask = 2147483647;
			files = (
				0169057516AB5A3A00D7EDE5 /* Social.framework in Frameworks */,
				0169057316AB5A3600D7EDE5 /* AdSupport.framework in Frameworks */,
				0169057116AB5A3200D7EDE5 /* Accounts.framework in Frameworks */,
				0169056F16AB5A2100D7EDE5 /* CFNetwork.framework in Frameworks */,
				0169056D16AB5A1300D7EDE5 /* Security.framework in Frameworks */,
				0169056B16AB5A0E00D7EDE5 /* SystemConfiguration.framework in Frameworks */,
				0169056916AB5A0A00D7EDE5 /* QuartzCore.framework in Frameworks */,
				016191FB16A9E0AB001D4295 /* UIKit.framework in Frameworks */,
				016191FD16A9E0AB001D4295 /* Foundation.framework in Frameworks */,
				016191FF16A9E0AB001D4295 /* CoreGraphics.framework in Frameworks */,
				0169054516AB53EB00D7EDE5 /* FacebookSDK.framework in Frameworks */,
			);
			runOnlyForDeploymentPostprocessing = 0;
		};
/* End PBXFrameworksBuildPhase section */

/* Begin PBXGroup section */
		016191EB16A9E0AB001D4295 = {
			isa = PBXGroup;
			children = (
				0169052816AB37B600D7EDE5 /* mergeicon114.png */,
				0169052616AB37B000D7EDE5 /* mergeicon57.png */,
				0169051D16AB369600D7EDE5 /* Default-568h@2x.png */,
				0169051B16AB368000D7EDE5 /* Default@2x.png */,
				0169051816AB367900D7EDE5 /* Default.png */,
				0161920016A9E0AB001D4295 /* Merge */,
				016191F916A9E0AB001D4295 /* Frameworks */,
				016191F716A9E0AB001D4295 /* Products */,
			);
			sourceTree = "<group>";
		};
		016191F716A9E0AB001D4295 /* Products */ = {
			isa = PBXGroup;
			children = (
				016191F616A9E0AB001D4295 /* Merge.app */,
			);
			name = Products;
			sourceTree = "<group>";
		};
		016191F916A9E0AB001D4295 /* Frameworks */ = {
			isa = PBXGroup;
			children = (
				0169057416AB5A3A00D7EDE5 /* Social.framework */,
				0169057216AB5A3600D7EDE5 /* AdSupport.framework */,
				0169057016AB5A3200D7EDE5 /* Accounts.framework */,
				0169056E16AB5A2000D7EDE5 /* CFNetwork.framework */,
				0169056C16AB5A1300D7EDE5 /* Security.framework */,
				0169056A16AB5A0E00D7EDE5 /* SystemConfiguration.framework */,
				0169056816AB5A0A00D7EDE5 /* QuartzCore.framework */,
				0169054816AB54E900D7EDE5 /* DeprecatedHeaders */,
				0169054216AB53EB00D7EDE5 /* FacebookSDK.framework */,
				0169054316AB53EB00D7EDE5 /* FacebookSDKResources.bundle */,
				0169054416AB53EB00D7EDE5 /* FBUserSettingsViewResources.bundle */,
				016191FA16A9E0AB001D4295 /* UIKit.framework */,
				016191FC16A9E0AB001D4295 /* Foundation.framework */,
				016191FE16A9E0AB001D4295 /* CoreGraphics.framework */,
			);
			name = Frameworks;
			sourceTree = "<group>";
		};
		0161920016A9E0AB001D4295 /* Merge */ = {
			isa = PBXGroup;
			children = (
				0161920916A9E0AB001D4295 /* AppDelegate.h */,
				0161920A16A9E0AB001D4295 /* AppDelegate.m */,
				014B0A9716ABC7EB00B55713 /* MergeAPI.h */,
				014B0A9816ABC7EB00B55713 /* MergeAPI.m */,
				01B909F816AA6CAA00B428A8 /* Models */,
				01B909FA16AA6CB000B428A8 /* Views */,
				01B909FB16AA6CB400B428A8 /* Controllers */,
				01B909FC16AA6CB900B428A8 /* Resources */,
				0161920116A9E0AB001D4295 /* Supporting Files */,
			);
			path = Merge;
			sourceTree = "<group>";
		};
		0161920116A9E0AB001D4295 /* Supporting Files */ = {
			isa = PBXGroup;
			children = (
				01EAB57216ABD1E600F42AC5 /* MJPopupBackgroundView.h */,
				01EAB57316ABD1E600F42AC5 /* MJPopupBackgroundView.m */,
				01EAB57416ABD1E600F42AC5 /* UIViewController+MJPopupViewController.h */,
				01EAB57516ABD1E600F42AC5 /* UIViewController+MJPopupViewController.m */,
				0161920216A9E0AB001D4295 /* Merge-Info.plist */,
				0161920316A9E0AB001D4295 /* InfoPlist.strings */,
				0161920616A9E0AB001D4295 /* main.m */,
				0161920816A9E0AB001D4295 /* Merge-Prefix.pch */,
			);
			name = "Supporting Files";
			sourceTree = "<group>";
		};
		0169054816AB54E900D7EDE5 /* DeprecatedHeaders */ = {
			isa = PBXGroup;
			children = (
				0169054916AB54E900D7EDE5 /* Facebook.h */,
				0169054A16AB54E900D7EDE5 /* FacebookSDK.h */,
				0169054B16AB54E900D7EDE5 /* FBCacheDescriptor.h */,
				0169054C16AB54E900D7EDE5 /* FBConnect.h */,
				0169054D16AB54E900D7EDE5 /* FBDialog.h */,
				0169054E16AB54E900D7EDE5 /* FBError.h */,
				0169054F16AB54E900D7EDE5 /* FBFrictionlessRequestSettings.h */,
				0169055016AB54E900D7EDE5 /* FBFriendPickerViewController.h */,
				0169055116AB54E900D7EDE5 /* FBGraphLocation.h */,
				0169055216AB54E900D7EDE5 /* FBGraphObject.h */,
				0169055316AB54E900D7EDE5 /* FBGraphPlace.h */,
				0169055416AB54E900D7EDE5 /* FBGraphUser.h */,
				0169055516AB54E900D7EDE5 /* FBLoginDialog.h */,
				0169055616AB54E900D7EDE5 /* FBLoginView.h */,
				0169055716AB54E900D7EDE5 /* FBNativeDialogs.h */,
				0169055816AB54E900D7EDE5 /* FBOpenGraphAction.h */,
				0169055916AB54E900D7EDE5 /* FBPlacePickerViewController.h */,
				0169055A16AB54E900D7EDE5 /* FBProfilePictureView.h */,
				0169055B16AB54E900D7EDE5 /* FBRequest.h */,
				0169055C16AB54E900D7EDE5 /* FBRequestConnection.h */,
				0169055D16AB54E900D7EDE5 /* FBSBJSON.h */,
				0169055E16AB54E900D7EDE5 /* FBSBJsonBase.h */,
				0169055F16AB54E900D7EDE5 /* FBSBJsonParser.h */,
				0169056016AB54E900D7EDE5 /* FBSBJsonWriter.h */,
				0169056116AB54E900D7EDE5 /* FBSession.h */,
				0169056216AB54E900D7EDE5 /* FBSessionManualTokenCachingStrategy.h */,
				0169056316AB54E900D7EDE5 /* FBSessionTokenCachingStrategy.h */,
				0169056416AB54E900D7EDE5 /* FBSettings.h */,
				0169056516AB54E900D7EDE5 /* FBTestSession.h */,
				0169056616AB54E900D7EDE5 /* FBUserSettingsViewController.h */,
				0169056716AB54E900D7EDE5 /* FBViewController.h */,
			);
			name = DeprecatedHeaders;
			path = Merge/DeprecatedHeaders;
			sourceTree = "<group>";
		};
		01B909F816AA6CAA00B428A8 /* Models */ = {
			isa = PBXGroup;
			children = (
				01EAB56016ABCB3600F42AC5 /* DataStorage.h */,
				01EAB56116ABCB3600F42AC5 /* DataStorage.m */,
				01EAB56416ABCC5300F42AC5 /* Event.h */,
				01EAB56516ABCC5300F42AC5 /* Event.m */,
				01EAB56716ABCCF000F42AC5 /* LocalUser.h */,
				01EAB56816ABCCF000F42AC5 /* LocalUser.m */,
			);
			path = Models;
			sourceTree = "<group>";
		};
		01B909FA16AA6CB000B428A8 /* Views */ = {
			isa = PBXGroup;
			children = (
			);
			path = Views;
			sourceTree = "<group>";
		};
		01B909FB16AA6CB400B428A8 /* Controllers */ = {
			isa = PBXGroup;
			children = (
				01B90A1716AA7E7D00B428A8 /* ActivityList.h */,
				01B90A1816AA7E7D00B428A8 /* ActivityList.m */,
				01B90A1916AA7E7D00B428A8 /* ActivityList.xib */,
				01B90A1E16AA874200B428A8 /* SCViewController.h */,
				01B90A1F16AA874200B428A8 /* SCViewController.m */,
				01B90A2016AA874200B428A8 /* SCViewController.xib */,
				0169052F16AB407A00D7EDE5 /* SCLoginViewController.h */,
				0169053016AB407A00D7EDE5 /* SCLoginViewController.m */,
				011CB26416AB5E5A00348A46 /* SCLoginViewController.xib */,
				0169052A16AB3BA200D7EDE5 /* NewMerge.h */,
				0169052B16AB3BA200D7EDE5 /* NewMerge.m */,
				0169052C16AB3BA200D7EDE5 /* NewMerge.xib */,
			);
			path = Controllers;
			sourceTree = "<group>";
		};
		01B909FC16AA6CB900B428A8 /* Resources */ = {
			isa = PBXGroup;
			children = (
				01EAB57616ABD24C00F42AC5 /* call.png */,
				01EAB57716ABD24C00F42AC5 /* message.png */,
				01EAB57816ABD24C00F42AC5 /* popup.png */,
				014B0A7D16ABA1D700B55713 /* carrotDOWN.png */,
				014B0A7E16ABA1D700B55713 /* carrotUP.png */,
				014B0A7F16ABA1D700B55713 /* fblogin.png */,
				014B0A8016ABA1D700B55713 /* fbloginpressed.png */,
				014B0A8116ABA1D700B55713 /* login4s.png */,
				014B0A8216ABA1D700B55713 /* login5.png */,
				014B0A8316ABA1D700B55713 /* LOGOUT.png */,
				014B0A8416ABA1D700B55713 /* LOGOUTpressed.png */,
				011CB26A16AB862500348A46 /* cancel.png */,
				011CB26B16AB862500348A46 /* cancelpressed.png */,
				011CB26C16AB862500348A46 /* coffeenewpressed.png */,
				011CB26D16AB862500348A46 /* coffeenewpressedcheck.png */,
				011CB26E16AB862500348A46 /* create.png */,
				011CB26F16AB862500348A46 /* createnew4s.png */,
				011CB27016AB862500348A46 /* createnew5.png */,
				011CB27116AB862500348A46 /* createpressed.png */,
				011CB27216AB862500348A46 /* foodnewpressed.png */,
				011CB27316AB862500348A46 /* foodnewpressedcheck.png */,
				011CB27416AB862500348A46 /* gymnewpressed.png */,
				011CB27516AB862500348A46 /* gymnewpressedcheck.png */,
				011CB27616AB862500348A46 /* studynewpressed.png */,
				011CB27716AB862500348A46 /* studynewpressedcheck.png */,
				0169051F16AB379C00D7EDE5 /* mergeicon57.png */,
				0169052016AB379C00D7EDE5 /* mergeicon114.png */,
				0169052116AB379C00D7EDE5 /* splash4Slow.png */,
				01B90ACB16AB32CF00B428A8 /* mergeplusbutton.png */,
				01B90AC516AB32B500B428A8 /* mergeicon.png */,
				01B90AC616AB32B500B428A8 /* splash4s.png */,
				01B90AC716AB32B500B428A8 /* splash5.png */,
				01B90A8516AB21A700B428A8 /* topbar1.png */,
				01B90A3716AB16CD00B428A8 /* coffeepressed.png */,
				01B90A3816AB16CD00B428A8 /* coffeepressedreal.png */,
				01B90A3916AB16CD00B428A8 /* foodpressed.png */,
				01B90A3A16AB16CD00B428A8 /* foodpressedreal.png */,
				01B90A3B16AB16CD00B428A8 /* gympressed.png */,
				01B90A3C16AB16CD00B428A8 /* gympressedreal.png */,
				01B90A3F16AB16CD00B428A8 /* studypressed.png */,
				01B90A4016AB16CD00B428A8 /* studypressedreal.png */,
				01B90A1C16AA840900B428A8 /* gradbackground.png */,
			);
			path = Resources;
			sourceTree = "<group>";
		};
/* End PBXGroup section */

/* Begin PBXNativeTarget section */
		016191F516A9E0AB001D4295 /* Merge */ = {
			isa = PBXNativeTarget;
			buildConfigurationList = 0161922016A9E0AB001D4295 /* Build configuration list for PBXNativeTarget "Merge" */;
			buildPhases = (
				016191F216A9E0AB001D4295 /* Sources */,
				016191F316A9E0AB001D4295 /* Frameworks */,
				016191F416A9E0AB001D4295 /* Resources */,
			);
			buildRules = (
			);
			dependencies = (
			);
			name = Merge;
			productName = Merge;
			productReference = 016191F616A9E0AB001D4295 /* Merge.app */;
			productType = "com.apple.product-type.application";
		};
/* End PBXNativeTarget section */

/* Begin PBXProject section */
		016191ED16A9E0AB001D4295 /* Project object */ = {
			isa = PBXProject;
			attributes = {
				LastUpgradeCheck = 0450;
				ORGANIZATIONNAME = "Jeff Grimes";
			};
			buildConfigurationList = 016191F016A9E0AB001D4295 /* Build configuration list for PBXProject "Merge" */;
			compatibilityVersion = "Xcode 3.2";
			developmentRegion = English;
			hasScannedForEncodings = 0;
			knownRegions = (
				en,
			);
			mainGroup = 016191EB16A9E0AB001D4295;
			productRefGroup = 016191F716A9E0AB001D4295 /* Products */;
			projectDirPath = "";
			projectRoot = "";
			targets = (
				016191F516A9E0AB001D4295 /* Merge */,
			);
		};
/* End PBXProject section */

/* Begin PBXResourcesBuildPhase section */
		016191F416A9E0AB001D4295 /* Resources */ = {
			isa = PBXResourcesBuildPhase;
			buildActionMask = 2147483647;
			files = (
				0161920516A9E0AB001D4295 /* InfoPlist.strings in Resources */,
				01B90A1B16AA7E7D00B428A8 /* ActivityList.xib in Resources */,
				01B90A1D16AA840900B428A8 /* gradbackground.png in Resources */,
				01B90A2216AA874200B428A8 /* SCViewController.xib in Resources */,
				01B90A4116AB16CD00B428A8 /* coffeepressed.png in Resources */,
				01B90A4216AB16CD00B428A8 /* coffeepressedreal.png in Resources */,
				01B90A4316AB16CD00B428A8 /* foodpressed.png in Resources */,
				01B90A4416AB16CD00B428A8 /* foodpressedreal.png in Resources */,
				01B90A4516AB16CD00B428A8 /* gympressed.png in Resources */,
				01B90A4616AB16CD00B428A8 /* gympressedreal.png in Resources */,
				01B90A4916AB16CD00B428A8 /* studypressed.png in Resources */,
				01B90A4A16AB16CD00B428A8 /* studypressedreal.png in Resources */,
				01B90A8816AB21A700B428A8 /* topbar1.png in Resources */,
				01B90AC816AB32B500B428A8 /* mergeicon.png in Resources */,
				01B90AC916AB32B500B428A8 /* splash4s.png in Resources */,
				01B90ACA16AB32B500B428A8 /* splash5.png in Resources */,
				01B90ACC16AB32CF00B428A8 /* mergeplusbutton.png in Resources */,
				0169052216AB379C00D7EDE5 /* mergeicon57.png in Resources */,
				0169052416AB379C00D7EDE5 /* splash4Slow.png in Resources */,
				0169052916AB37B600D7EDE5 /* mergeicon114.png in Resources */,
				0169052E16AB3BA200D7EDE5 /* NewMerge.xib in Resources */,
				0169054616AB53EB00D7EDE5 /* FacebookSDKResources.bundle in Resources */,
				0169054716AB53EB00D7EDE5 /* FBUserSettingsViewResources.bundle in Resources */,
				011CB26516AB5E5A00348A46 /* SCLoginViewController.xib in Resources */,
				011CB27816AB862500348A46 /* cancel.png in Resources */,
				011CB27916AB862500348A46 /* cancelpressed.png in Resources */,
				011CB27A16AB862500348A46 /* coffeenewpressed.png in Resources */,
				011CB27B16AB862500348A46 /* coffeenewpressedcheck.png in Resources */,
				011CB27C16AB862500348A46 /* create.png in Resources */,
				011CB27D16AB862500348A46 /* createnew4s.png in Resources */,
				011CB27E16AB862500348A46 /* createnew5.png in Resources */,
				011CB27F16AB862500348A46 /* createpressed.png in Resources */,
				011CB28016AB862500348A46 /* foodnewpressed.png in Resources */,
				011CB28116AB862500348A46 /* foodnewpressedcheck.png in Resources */,
				011CB28216AB862500348A46 /* gymnewpressed.png in Resources */,
				011CB28316AB862500348A46 /* gymnewpressedcheck.png in Resources */,
				011CB28416AB862500348A46 /* studynewpressed.png in Resources */,
				011CB28516AB862500348A46 /* studynewpressedcheck.png in Resources */,
				014B0A7A16AB9E2A00B55713 /* Default.png in Resources */,
				014B0A7B16AB9E3200B55713 /* Default@2x.png in Resources */,
				014B0A7C16AB9E3900B55713 /* Default-568h@2x.png in Resources */,
				014B0A8516ABA1D700B55713 /* carrotDOWN.png in Resources */,
				014B0A8616ABA1D700B55713 /* carrotUP.png in Resources */,
				014B0A8716ABA1D700B55713 /* fblogin.png in Resources */,
				014B0A8816ABA1D700B55713 /* fbloginpressed.png in Resources */,
				014B0A8916ABA1D700B55713 /* login4s.png in Resources */,
				014B0A8A16ABA1D700B55713 /* login5.png in Resources */,
				014B0A8B16ABA1D700B55713 /* LOGOUT.png in Resources */,
				014B0A8C16ABA1D700B55713 /* LOGOUTpressed.png in Resources */,
				014B0A8D16ABB27300B55713 /* mergeicon57.png in Resources */,
				014B0A8E16ABB27A00B55713 /* mergeicon114.png in Resources */,
				01EAB57916ABD24C00F42AC5 /* call.png in Resources */,
				01EAB57A16ABD24C00F42AC5 /* message.png in Resources */,
				01EAB57B16ABD24C00F42AC5 /* popup.png in Resources */,
			);
			runOnlyForDeploymentPostprocessing = 0;
		};
/* End PBXResourcesBuildPhase section */

/* Begin PBXSourcesBuildPhase section */
		016191F216A9E0AB001D4295 /* Sources */ = {
			isa = PBXSourcesBuildPhase;
			buildActionMask = 2147483647;
			files = (
				0161920716A9E0AB001D4295 /* main.m in Sources */,
				0161920B16A9E0AB001D4295 /* AppDelegate.m in Sources */,
				01B90A1A16AA7E7D00B428A8 /* ActivityList.m in Sources */,
				01B90A2116AA874200B428A8 /* SCViewController.m in Sources */,
				0169052D16AB3BA200D7EDE5 /* NewMerge.m in Sources */,
				0169053216AB407B00D7EDE5 /* SCLoginViewController.m in Sources */,
				014B0A9916ABC7EB00B55713 /* MergeAPI.m in Sources */,
				01EAB56216ABCB3600F42AC5 /* DataStorage.m in Sources */,
				01EAB56616ABCC5300F42AC5 /* Event.m in Sources */,
				01EAB56916ABCCF000F42AC5 /* LocalUser.m in Sources */,
			);
			runOnlyForDeploymentPostprocessing = 0;
		};
/* End PBXSourcesBuildPhase section */

/* Begin PBXVariantGroup section */
		0161920316A9E0AB001D4295 /* InfoPlist.strings */ = {
			isa = PBXVariantGroup;
			children = (
				0161920416A9E0AB001D4295 /* en */,
			);
			name = InfoPlist.strings;
			sourceTree = "<group>";
		};
/* End PBXVariantGroup section */

/* Begin XCBuildConfiguration section */
		0161921E16A9E0AB001D4295 /* Debug */ = {
			isa = XCBuildConfiguration;
			buildSettings = {
				ALWAYS_SEARCH_USER_PATHS = NO;
				CLANG_CXX_LANGUAGE_STANDARD = "gnu++0x";
				CLANG_CXX_LIBRARY = "libc++";
				CLANG_ENABLE_OBJC_ARC = YES;
				CLANG_WARN_EMPTY_BODY = YES;
				CLANG_WARN__DUPLICATE_METHOD_MATCH = YES;
				"CODE_SIGN_IDENTITY[sdk=iphoneos*]" = "iPhone Developer";
				COPY_PHASE_STRIP = NO;
				GCC_C_LANGUAGE_STANDARD = gnu99;
				GCC_DYNAMIC_NO_PIC = NO;
				GCC_OPTIMIZATION_LEVEL = 0;
				GCC_PREPROCESSOR_DEFINITIONS = (
					"DEBUG=1",
					"$(inherited)",
				);
				GCC_SYMBOLS_PRIVATE_EXTERN = NO;
				GCC_WARN_ABOUT_RETURN_TYPE = YES;
				GCC_WARN_UNINITIALIZED_AUTOS = YES;
				GCC_WARN_UNUSED_VARIABLE = YES;
				IPHONEOS_DEPLOYMENT_TARGET = 6.0;
				ONLY_ACTIVE_ARCH = YES;
				SDKROOT = iphoneos;
			};
			name = Debug;
		};
		0161921F16A9E0AB001D4295 /* Release */ = {
			isa = XCBuildConfiguration;
			buildSettings = {
				ALWAYS_SEARCH_USER_PATHS = NO;
				CLANG_CXX_LANGUAGE_STANDARD = "gnu++0x";
				CLANG_CXX_LIBRARY = "libc++";
				CLANG_ENABLE_OBJC_ARC = YES;
				CLANG_WARN_EMPTY_BODY = YES;
				CLANG_WARN__DUPLICATE_METHOD_MATCH = YES;
				"CODE_SIGN_IDENTITY[sdk=iphoneos*]" = "iPhone Developer";
				COPY_PHASE_STRIP = YES;
				GCC_C_LANGUAGE_STANDARD = gnu99;
				GCC_WARN_ABOUT_RETURN_TYPE = YES;
				GCC_WARN_UNINITIALIZED_AUTOS = YES;
				GCC_WARN_UNUSED_VARIABLE = YES;
				IPHONEOS_DEPLOYMENT_TARGET = 6.0;
				OTHER_CFLAGS = "-DNS_BLOCK_ASSERTIONS=1";
				SDKROOT = iphoneos;
				VALIDATE_PRODUCT = YES;
			};
			name = Release;
		};
		0161922116A9E0AB001D4295 /* Debug */ = {
			isa = XCBuildConfiguration;
			buildSettings = {
				FRAMEWORK_SEARCH_PATHS = (
					"$(inherited)",
					"\"$(SRCROOT)/../../Documents/FacebookSDK\"",
					"\"$(SRCROOT)\"",
				);
				GCC_PRECOMPILE_PREFIX_HEADER = YES;
				GCC_PREFIX_HEADER = "Merge/Merge-Prefix.pch";
				INFOPLIST_FILE = "Merge/Merge-Info.plist";
				IPHONEOS_DEPLOYMENT_TARGET = 6.0;
				OTHER_LDFLAGS = "-lsqlite3.0";
				PRODUCT_NAME = "$(TARGET_NAME)";
				WRAPPER_EXTENSION = app;
			};
			name = Debug;
		};
		0161922216A9E0AB001D4295 /* Release */ = {
			isa = XCBuildConfiguration;
			buildSettings = {
				FRAMEWORK_SEARCH_PATHS = (
					"$(inherited)",
					"\"$(SRCROOT)/../../Documents/FacebookSDK\"",
					"\"$(SRCROOT)\"",
				);
				GCC_PRECOMPILE_PREFIX_HEADER = YES;
				GCC_PREFIX_HEADER = "Merge/Merge-Prefix.pch";
				INFOPLIST_FILE = "Merge/Merge-Info.plist";
				IPHONEOS_DEPLOYMENT_TARGET = 6.0;
				OTHER_LDFLAGS = "-lsqlite3.0";
				PRODUCT_NAME = "$(TARGET_NAME)";
				WRAPPER_EXTENSION = app;
			};
			name = Release;
		};
/* End XCBuildConfiguration section */

/* Begin XCConfigurationList section */
		016191F016A9E0AB001D4295 /* Build configuration list for PBXProject "Merge" */ = {
			isa = XCConfigurationList;
			buildConfigurations = (
				0161921E16A9E0AB001D4295 /* Debug */,
				0161921F16A9E0AB001D4295 /* Release */,
			);
			defaultConfigurationIsVisible = 0;
			defaultConfigurationName = Release;
		};
		0161922016A9E0AB001D4295 /* Build configuration list for PBXNativeTarget "Merge" */ = {
			isa = XCConfigurationList;
			buildConfigurations = (
				0161922116A9E0AB001D4295 /* Debug */,
				0161922216A9E0AB001D4295 /* Release */,
			);
			defaultConfigurationIsVisible = 0;
			defaultConfigurationName = Release;
		};
/* End XCConfigurationList section */
	};
	rootObject = 016191ED16A9E0AB001D4295 /* Project object */;
}
